
Microsoft Visual Studio Solution File, Format Version 12.00
# Visual Studio Version 17
VisualStudioVersion = 17.14.36717.8 d17.14
MinimumVisualStudioVersion = 10.0.40219.1
Project("{FAE04EC0-301F-11D3-BF4B-00C04F79EFBC}") = "agendaADONET", "agendaADONET\agendaADONET.csproj", "{292997CD-C9D0-43E7-A061-0046BEB8C00D}"
EndProject
Project("{2150E333-8FDC-42A3-9474-1A3956D46DE8}") = "Solution Items", "Solution Items", "{02EA681E-C7D8-13C7-8484-4AC65E1B71E8}"
	ProjectSection(SolutionItems) = preProject
		.editorconfig = .editorconfig
	EndProjectSection
EndProject
Global
	GlobalSection(SolutionConfigurationPlatforms) = preSolution
		Debug|Any CPU = Debug|Any CPU
		Release|Any CPU = Release|Any CPU
	EndGlobalSection
	GlobalSection(ProjectConfigurationPlatforms) = postSolution
		{292997CD-C9D0-43E7-A061-0046BEB8C00D}.Debug|Any CPU.ActiveCfg = Debug|Any CPU
		{292997CD-C9D0-43E7-A061-0046BEB8C00D}.Debug|Any CPU.Build.0 = Debug|Any CPU
		{292997CD-C9D0-43E7-A061-0046BEB8C00D}.Release|Any CPU.ActiveCfg = Release|Any CPU
		{292997CD-C9D0-43E7-A061-0046BEB8C00D}.Release|Any CPU.Build.0 = Release|Any CPU
	EndGlobalSection
	GlobalSection(SolutionProperties) = preSolution
		HideSolutionNode = FALSE
	EndGlobalSection
	GlobalSection(ExtensibilityGlobals) = postSolution
		SolutionGuid = {D876EDD6-A289-4E8B-A5C0-A3C0A56DFB99}
	EndGlobalSection
EndGlobal
